
Microsoft Visual Studio Solution File, Format Version 12.00
# Visual Studio Version 17
VisualStudioVersion = 17.14.36429.23 d17.14
MinimumVisualStudioVersion = 10.0.40219.1
Project("{FAE04EC0-301F-11D3-BF4B-00C04F79EFBC}") = "het3", "het3\het3.csproj", "{78B1BF68-9399-4D9D-A4E9-A3676181701D}"
EndProject
Global
	GlobalSection(SolutionConfigurationPlatforms) = preSolution
		Debug|Any CPU = Debug|Any CPU
		Release|Any CPU = Release|Any CPU
	EndGlobalSection
	GlobalSection(ProjectConfigurationPlatforms) = postSolution
		{78B1BF68-9399-4D9D-A4E9-A3676181701D}.Debug|Any CPU.ActiveCfg = Debug|Any CPU
		{78B1BF68-9399-4D9D-A4E9-A3676181701D}.Debug|Any CPU.Build.0 = Debug|Any CPU
		{78B1BF68-9399-4D9D-A4E9-A3676181701D}.Release|Any CPU.ActiveCfg = Release|Any CPU
		{78B1BF68-9399-4D9D-A4E9-A3676181701D}.Release|Any CPU.Build.0 = Release|Any CPU
	EndGlobalSection
	GlobalSection(SolutionProperties) = preSolution
		HideSolutionNode = FALSE
	EndGlobalSection
	GlobalSection(ExtensibilityGlobals) = postSolution
		SolutionGuid = {86E4FD7B-8145-4849-932B-29F62205E9ED}
	EndGlobalSection
EndGlobal
